
Microsoft Visual Studio Solution File, Format Version 12.00
# Visual Studio 15
VisualStudioVersion = 15.0.28307.421
MinimumVisualStudioVersion = 10.0.40219.1
Project("{FAE04EC0-301F-11D3-BF4B-00C04F79EFBC}") = "Job_Offers", "Job_Offers\Job_Offers.csproj", "{BC13C7E7-F698-4995-A497-0159919FC0F5}"
EndProject
Global
	GlobalSection(SolutionConfigurationPlatforms) = preSolution
		Debug|Any CPU = Debug|Any CPU
		Release|Any CPU = Release|Any CPU
	EndGlobalSection
	GlobalSection(ProjectConfigurationPlatforms) = postSolution
		{BC13C7E7-F698-4995-A497-0159919FC0F5}.Debug|Any CPU.ActiveCfg = Debug|Any CPU
		{BC13C7E7-F698-4995-A497-0159919FC0F5}.Debug|Any CPU.Build.0 = Debug|Any CPU
		{BC13C7E7-F698-4995-A497-0159919FC0F5}.Release|Any CPU.ActiveCfg = Release|Any CPU
		{BC13C7E7-F698-4995-A497-0159919FC0F5}.Release|Any CPU.Build.0 = Release|Any CPU
	EndGlobalSection
	GlobalSection(SolutionProperties) = preSolution
		HideSolutionNode = FALSE
	EndGlobalSection
	GlobalSection(ExtensibilityGlobals) = postSolution
		SolutionGuid = {05F73052-83DB-4B4A-A340-7859FDF46265}
	EndGlobalSection
EndGlobal
